
Microsoft Visual Studio Solution File, Format Version 12.00
# Visual Studio Version 16
VisualStudioVersion = 16.0.31129.286
MinimumVisualStudioVersion = 10.0.40219.1
Project("{FAE04EC0-301F-11D3-BF4B-00C04F79EFBC}") = "POS_API", "POS_API.csproj", "{B7FE113C-5DA4-4850-AC00-8BA5C8E35B38}"
EndProject
Global
	GlobalSection(SolutionConfigurationPlatforms) = preSolution
		Debug|Any CPU = Debug|Any CPU
		Release|Any CPU = Release|Any CPU
	EndGlobalSection
	GlobalSection(ProjectConfigurationPlatforms) = postSolution
		{B7FE113C-5DA4-4850-AC00-8BA5C8E35B38}.Debug|Any CPU.ActiveCfg = Debug|Any CPU
		{B7FE113C-5DA4-4850-AC00-8BA5C8E35B38}.Debug|Any CPU.Build.0 = Debug|Any CPU
		{B7FE113C-5DA4-4850-AC00-8BA5C8E35B38}.Release|Any CPU.ActiveCfg = Release|Any CPU
		{B7FE113C-5DA4-4850-AC00-8BA5C8E35B38}.Release|Any CPU.Build.0 = Release|Any CPU
	EndGlobalSection
	GlobalSection(SolutionProperties) = preSolution
		HideSolutionNode = FALSE
	EndGlobalSection
	GlobalSection(ExtensibilityGlobals) = postSolution
		SolutionGuid = {C41EF83F-EA8F-4C21-A408-FC715D8E2B09}
	EndGlobalSection
EndGlobal
